
Microsoft Visual Studio Solution File, Format Version 12.00
# Visual Studio Version 17
VisualStudioVersion = 17.14.37502.11 d17.14
MinimumVisualStudioVersion = 10.0.40219.1
Project("{FAE04EC0-301F-11D3-BF4B-00C04F79EFBC}") = "OOPAssignment03", "OOPAssignment03\OOPAssignment03.csproj", "{485B35D0-CC51-4789-BBE6-FDB697E0A502}"
EndProject
Global
	GlobalSection(SolutionConfigurationPlatforms) = preSolution
		Debug|Any CPU = Debug|Any CPU
		Release|Any CPU = Release|Any CPU
	EndGlobalSection
	GlobalSection(ProjectConfigurationPlatforms) = postSolution
		{485B35D0-CC51-4789-BBE6-FDB697E0A502}.Debug|Any CPU.ActiveCfg = Debug|Any CPU
		{485B35D0-CC51-4789-BBE6-FDB697E0A502}.Debug|Any CPU.Build.0 = Debug|Any CPU
		{485B35D0-CC51-4789-BBE6-FDB697E0A502}.Release|Any CPU.ActiveCfg = Release|Any CPU
		{485B35D0-CC51-4789-BBE6-FDB697E0A502}.Release|Any CPU.Build.0 = Release|Any CPU
	EndGlobalSection
	GlobalSection(SolutionProperties) = preSolution
		HideSolutionNode = FALSE
	EndGlobalSection
	GlobalSection(ExtensibilityGlobals) = postSolution
		SolutionGuid = {0AEDE44C-C854-42BA-933D-7036F36EAF9B}
	EndGlobalSection
EndGlobal
